
Microsoft Visual Studio Solution File, Format Version 12.00
# Visual Studio Version 17
VisualStudioVersion = 17.11.35327.3
MinimumVisualStudioVersion = 10.0.40219.1
Project("{9A19103F-16F7-4668-BE54-9A1E7A4F7556}") = "MarkerJB", "MarkerJB.csproj", "{20423B1E-4080-4DEA-BAC2-C09A3551E935}"
EndProject
Project("{9A19103F-16F7-4668-BE54-9A1E7A4F7556}") = "CS2TraceRay", "..\CS2TraceRay\CS2TraceRay-main\CS2TraceRay\CS2TraceRay.csproj", "{BB905EE3-A618-4B9F-8010-7962A366A019}"
EndProject
Global
	GlobalSection(SolutionConfigurationPlatforms) = preSolution
		Debug|Any CPU = Debug|Any CPU
		Release|Any CPU = Release|Any CPU
	EndGlobalSection
	GlobalSection(ProjectConfigurationPlatforms) = postSolution
		{20423B1E-4080-4DEA-BAC2-C09A3551E935}.Debug|Any CPU.ActiveCfg = Debug|Any CPU
		{20423B1E-4080-4DEA-BAC2-C09A3551E935}.Debug|Any CPU.Build.0 = Debug|Any CPU
		{20423B1E-4080-4DEA-BAC2-C09A3551E935}.Release|Any CPU.ActiveCfg = Release|Any CPU
		{20423B1E-4080-4DEA-BAC2-C09A3551E935}.Release|Any CPU.Build.0 = Release|Any CPU
		{BB905EE3-A618-4B9F-8010-7962A366A019}.Debug|Any CPU.ActiveCfg = Debug|Any CPU
		{BB905EE3-A618-4B9F-8010-7962A366A019}.Debug|Any CPU.Build.0 = Debug|Any CPU
		{BB905EE3-A618-4B9F-8010-7962A366A019}.Release|Any CPU.ActiveCfg = Release|Any CPU
		{BB905EE3-A618-4B9F-8010-7962A366A019}.Release|Any CPU.Build.0 = Release|Any CPU
	EndGlobalSection
	GlobalSection(SolutionProperties) = preSolution
		HideSolutionNode = FALSE
	EndGlobalSection
	GlobalSection(ExtensibilityGlobals) = postSolution
		SolutionGuid = {628389B6-4977-49F3-A430-CBB1A9BFE550}
	EndGlobalSection
EndGlobal
